
Microsoft Visual Studio Solution File, Format Version 12.00
# Visual Studio Version 17
VisualStudioVersion = 17.14.36327.8 d17.14
MinimumVisualStudioVersion = 10.0.40219.1
Project("{FAE04EC0-301F-11D3-BF4B-00C04F79EFBC}") = "exampleShape", "exampleShape\exampleShape.csproj", "{FF7FAB3E-DD96-445E-ACB9-7CA5D0C003CB}"
EndProject
Global
	GlobalSection(SolutionConfigurationPlatforms) = preSolution
		Debug|Any CPU = Debug|Any CPU
		Release|Any CPU = Release|Any CPU
	EndGlobalSection
	GlobalSection(ProjectConfigurationPlatforms) = postSolution
		{FF7FAB3E-DD96-445E-ACB9-7CA5D0C003CB}.Debug|Any CPU.ActiveCfg = Debug|Any CPU
		{FF7FAB3E-DD96-445E-ACB9-7CA5D0C003CB}.Debug|Any CPU.Build.0 = Debug|Any CPU
		{FF7FAB3E-DD96-445E-ACB9-7CA5D0C003CB}.Release|Any CPU.ActiveCfg = Release|Any CPU
		{FF7FAB3E-DD96-445E-ACB9-7CA5D0C003CB}.Release|Any CPU.Build.0 = Release|Any CPU
	EndGlobalSection
	GlobalSection(SolutionProperties) = preSolution
		HideSolutionNode = FALSE
	EndGlobalSection
	GlobalSection(ExtensibilityGlobals) = postSolution
		SolutionGuid = {24A8EAEB-6C30-46E5-8943-33ACFC44DB46}
	EndGlobalSection
EndGlobal
