Microsoft Visual Studio Solution File, Format Version 12.00
# Visual Studio Version 17
VisualStudioVersion = 17.5.2.0
MinimumVisualStudioVersion = 10.0.40219.1
Project("{FAE04EC0-301F-11D3-BF4B-00C04F79EFBC}") = "exampleInheritance", "exampleInheritance.csproj", "{FABDC5E0-D27D-437C-544C-ED27E244E374}"
EndProject
Global
	GlobalSection(SolutionConfigurationPlatforms) = preSolution
		Debug|Any CPU = Debug|Any CPU
		Release|Any CPU = Release|Any CPU
	EndGlobalSection
	GlobalSection(ProjectConfigurationPlatforms) = postSolution
		{FABDC5E0-D27D-437C-544C-ED27E244E374}.Debug|Any CPU.ActiveCfg = Debug|Any CPU
		{FABDC5E0-D27D-437C-544C-ED27E244E374}.Debug|Any CPU.Build.0 = Debug|Any CPU
		{FABDC5E0-D27D-437C-544C-ED27E244E374}.Release|Any CPU.ActiveCfg = Release|Any CPU
		{FABDC5E0-D27D-437C-544C-ED27E244E374}.Release|Any CPU.Build.0 = Release|Any CPU
	EndGlobalSection
	GlobalSection(SolutionProperties) = preSolution
		HideSolutionNode = FALSE
	EndGlobalSection
	GlobalSection(ExtensibilityGlobals) = postSolution
		SolutionGuid = {6AE96C9A-BA0E-4AD4-BFA1-D9F9989CFE47}
	EndGlobalSection
EndGlobal
