Microsoft Visual Studio Solution File, Format Version 12.00
# Visual Studio Version 17
VisualStudioVersion = 17.5.2.0
MinimumVisualStudioVersion = 10.0.40219.1
Project("{FAE04EC0-301F-11D3-BF4B-00C04F79EFBC}") = "exampleisprime", "exampleisprime.csproj", "{89D40DD0-A2E5-7CF8-7069-EEDE766A201E}"
EndProject
Global
	GlobalSection(SolutionConfigurationPlatforms) = preSolution
		Debug|Any CPU = Debug|Any CPU
		Release|Any CPU = Release|Any CPU
	EndGlobalSection
	GlobalSection(ProjectConfigurationPlatforms) = postSolution
		{89D40DD0-A2E5-7CF8-7069-EEDE766A201E}.Debug|Any CPU.ActiveCfg = Debug|Any CPU
		{89D40DD0-A2E5-7CF8-7069-EEDE766A201E}.Debug|Any CPU.Build.0 = Debug|Any CPU
		{89D40DD0-A2E5-7CF8-7069-EEDE766A201E}.Release|Any CPU.ActiveCfg = Release|Any CPU
		{89D40DD0-A2E5-7CF8-7069-EEDE766A201E}.Release|Any CPU.Build.0 = Release|Any CPU
	EndGlobalSection
	GlobalSection(SolutionProperties) = preSolution
		HideSolutionNode = FALSE
	EndGlobalSection
	GlobalSection(ExtensibilityGlobals) = postSolution
		SolutionGuid = {03CE5A76-F0A0-44E2-B3AE-1540BF061CB0}
	EndGlobalSection
EndGlobal
