Microsoft Visual Studio Solution File, Format Version 12.00
# Visual Studio Version 17
VisualStudioVersion = 17.5.2.0
MinimumVisualStudioVersion = 10.0.40219.1
Project("{FAE04EC0-301F-11D3-BF4B-00C04F79EFBC}") = "exmapleDictionany", "exmapleDictionany.csproj", "{78774C88-0675-BABA-E84E-D5DE7C048871}"
EndProject
Global
	GlobalSection(SolutionConfigurationPlatforms) = preSolution
		Debug|Any CPU = Debug|Any CPU
		Release|Any CPU = Release|Any CPU
	EndGlobalSection
	GlobalSection(ProjectConfigurationPlatforms) = postSolution
		{78774C88-0675-BABA-E84E-D5DE7C048871}.Debug|Any CPU.ActiveCfg = Debug|Any CPU
		{78774C88-0675-BABA-E84E-D5DE7C048871}.Debug|Any CPU.Build.0 = Debug|Any CPU
		{78774C88-0675-BABA-E84E-D5DE7C048871}.Release|Any CPU.ActiveCfg = Release|Any CPU
		{78774C88-0675-BABA-E84E-D5DE7C048871}.Release|Any CPU.Build.0 = Release|Any CPU
	EndGlobalSection
	GlobalSection(SolutionProperties) = preSolution
		HideSolutionNode = FALSE
	EndGlobalSection
	GlobalSection(ExtensibilityGlobals) = postSolution
		SolutionGuid = {C4AB3DAA-3B66-40E4-8DD5-6AC56F5250E0}
	EndGlobalSection
EndGlobal
