
Microsoft Visual Studio Solution File, Format Version 12.00
# Visual Studio Version 17
VisualStudioVersion = 17.14.36327.8 d17.14
MinimumVisualStudioVersion = 10.0.40219.1
Project("{FAE04EC0-301F-11D3-BF4B-00C04F79EFBC}") = "exampleAbstractclassInterface", "exampleAbstractclassInterface\exampleAbstractclassInterface.csproj", "{BD2587EE-2E67-483B-8ECE-BFE25C30CC2F}"
EndProject
Global
	GlobalSection(SolutionConfigurationPlatforms) = preSolution
		Debug|Any CPU = Debug|Any CPU
		Release|Any CPU = Release|Any CPU
	EndGlobalSection
	GlobalSection(ProjectConfigurationPlatforms) = postSolution
		{BD2587EE-2E67-483B-8ECE-BFE25C30CC2F}.Debug|Any CPU.ActiveCfg = Debug|Any CPU
		{BD2587EE-2E67-483B-8ECE-BFE25C30CC2F}.Debug|Any CPU.Build.0 = Debug|Any CPU
		{BD2587EE-2E67-483B-8ECE-BFE25C30CC2F}.Release|Any CPU.ActiveCfg = Release|Any CPU
		{BD2587EE-2E67-483B-8ECE-BFE25C30CC2F}.Release|Any CPU.Build.0 = Release|Any CPU
	EndGlobalSection
	GlobalSection(SolutionProperties) = preSolution
		HideSolutionNode = FALSE
	EndGlobalSection
	GlobalSection(ExtensibilityGlobals) = postSolution
		SolutionGuid = {4C199C20-2759-4111-BC1F-2E30DDFD555F}
	EndGlobalSection
EndGlobal
