Microsoft Visual Studio Solution File, Format Version 12.00
# Visual Studio Version 17
VisualStudioVersion = 17.5.2.0
MinimumVisualStudioVersion = 10.0.40219.1
Project("{FAE04EC0-301F-11D3-BF4B-00C04F79EFBC}") = "exampleForReach", "exampleForReach.csproj", "{8D0619AD-CD86-7634-B90C-4333B6B90CD8}"
EndProject
Global
	GlobalSection(SolutionConfigurationPlatforms) = preSolution
		Debug|Any CPU = Debug|Any CPU
		Release|Any CPU = Release|Any CPU
	EndGlobalSection
	GlobalSection(ProjectConfigurationPlatforms) = postSolution
		{8D0619AD-CD86-7634-B90C-4333B6B90CD8}.Debug|Any CPU.ActiveCfg = Debug|Any CPU
		{8D0619AD-CD86-7634-B90C-4333B6B90CD8}.Debug|Any CPU.Build.0 = Debug|Any CPU
		{8D0619AD-CD86-7634-B90C-4333B6B90CD8}.Release|Any CPU.ActiveCfg = Release|Any CPU
		{8D0619AD-CD86-7634-B90C-4333B6B90CD8}.Release|Any CPU.Build.0 = Release|Any CPU
	EndGlobalSection
	GlobalSection(SolutionProperties) = preSolution
		HideSolutionNode = FALSE
	EndGlobalSection
	GlobalSection(ExtensibilityGlobals) = postSolution
		SolutionGuid = {7A905405-3A83-432B-9472-FEA6E1E9F4E8}
	EndGlobalSection
EndGlobal
