
Microsoft Visual Studio Solution File, Format Version 12.00
# Visual Studio Version 17
VisualStudioVersion = 17.14.36327.8 d17.14
MinimumVisualStudioVersion = 10.0.40219.1
Project("{FAE04EC0-301F-11D3-BF4B-00C04F79EFBC}") = "ExmapleSystemoderby", "ExmapleSystemoderby\ExmapleSystemoderby.csproj", "{C6B24774-3731-4B79-9CD9-583C63D9B52E}"
EndProject
Global
	GlobalSection(SolutionConfigurationPlatforms) = preSolution
		Debug|Any CPU = Debug|Any CPU
		Release|Any CPU = Release|Any CPU
	EndGlobalSection
	GlobalSection(ProjectConfigurationPlatforms) = postSolution
		{C6B24774-3731-4B79-9CD9-583C63D9B52E}.Debug|Any CPU.ActiveCfg = Debug|Any CPU
		{C6B24774-3731-4B79-9CD9-583C63D9B52E}.Debug|Any CPU.Build.0 = Debug|Any CPU
		{C6B24774-3731-4B79-9CD9-583C63D9B52E}.Release|Any CPU.ActiveCfg = Release|Any CPU
		{C6B24774-3731-4B79-9CD9-583C63D9B52E}.Release|Any CPU.Build.0 = Release|Any CPU
	EndGlobalSection
	GlobalSection(SolutionProperties) = preSolution
		HideSolutionNode = FALSE
	EndGlobalSection
	GlobalSection(ExtensibilityGlobals) = postSolution
		SolutionGuid = {675DEE67-C5F7-431D-B5B8-E08FFC939869}
	EndGlobalSection
EndGlobal
