Microsoft Visual Studio Solution File, Format Version 12.00
# Visual Studio Version 17
VisualStudioVersion = 17.5.2.0
MinimumVisualStudioVersion = 10.0.40219.1
Project("{FAE04EC0-301F-11D3-BF4B-00C04F79EFBC}") = "exmapleMatricprime", "exmapleMatricprime.csproj", "{DCCFDB1A-A43D-7EDB-55B7-522E91F19DC9}"
EndProject
Global
	GlobalSection(SolutionConfigurationPlatforms) = preSolution
		Debug|Any CPU = Debug|Any CPU
		Release|Any CPU = Release|Any CPU
	EndGlobalSection
	GlobalSection(ProjectConfigurationPlatforms) = postSolution
		{DCCFDB1A-A43D-7EDB-55B7-522E91F19DC9}.Debug|Any CPU.ActiveCfg = Debug|Any CPU
		{DCCFDB1A-A43D-7EDB-55B7-522E91F19DC9}.Debug|Any CPU.Build.0 = Debug|Any CPU
		{DCCFDB1A-A43D-7EDB-55B7-522E91F19DC9}.Release|Any CPU.ActiveCfg = Release|Any CPU
		{DCCFDB1A-A43D-7EDB-55B7-522E91F19DC9}.Release|Any CPU.Build.0 = Release|Any CPU
	EndGlobalSection
	GlobalSection(SolutionProperties) = preSolution
		HideSolutionNode = FALSE
	EndGlobalSection
	GlobalSection(ExtensibilityGlobals) = postSolution
		SolutionGuid = {252D17D9-E83F-4A22-8C9D-1884CDF9861A}
	EndGlobalSection
EndGlobal
