Microsoft Visual Studio Solution File, Format Version 12.00
# Visual Studio Version 17
VisualStudioVersion = 17.5.2.0
MinimumVisualStudioVersion = 10.0.40219.1
Project("{FAE04EC0-301F-11D3-BF4B-00C04F79EFBC}") = "Exampleday", "Exampleday.csproj", "{0CF13BA9-F8DE-8030-F8B7-B1163D756198}"
EndProject
Global
	GlobalSection(SolutionConfigurationPlatforms) = preSolution
		Debug|Any CPU = Debug|Any CPU
		Release|Any CPU = Release|Any CPU
	EndGlobalSection
	GlobalSection(ProjectConfigurationPlatforms) = postSolution
		{0CF13BA9-F8DE-8030-F8B7-B1163D756198}.Debug|Any CPU.ActiveCfg = Debug|Any CPU
		{0CF13BA9-F8DE-8030-F8B7-B1163D756198}.Debug|Any CPU.Build.0 = Debug|Any CPU
		{0CF13BA9-F8DE-8030-F8B7-B1163D756198}.Release|Any CPU.ActiveCfg = Release|Any CPU
		{0CF13BA9-F8DE-8030-F8B7-B1163D756198}.Release|Any CPU.Build.0 = Release|Any CPU
	EndGlobalSection
	GlobalSection(SolutionProperties) = preSolution
		HideSolutionNode = FALSE
	EndGlobalSection
	GlobalSection(ExtensibilityGlobals) = postSolution
		SolutionGuid = {ED83EED3-A1A0-4768-A7D3-95AC924E11CE}
	EndGlobalSection
EndGlobal
