Microsoft Visual Studio Solution File, Format Version 12.00
# Visual Studio Version 17
VisualStudioVersion = 17.5.2.0
MinimumVisualStudioVersion = 10.0.40219.1
Project("{FAE04EC0-301F-11D3-BF4B-00C04F79EFBC}") = "exmapleDotnetMine", "exmapleDotnetMine.csproj", "{B6ED6D4E-49D3-6551-CF04-A315D26BB4DE}"
EndProject
Global
	GlobalSection(SolutionConfigurationPlatforms) = preSolution
		Debug|Any CPU = Debug|Any CPU
		Release|Any CPU = Release|Any CPU
	EndGlobalSection
	GlobalSection(ProjectConfigurationPlatforms) = postSolution
		{B6ED6D4E-49D3-6551-CF04-A315D26BB4DE}.Debug|Any CPU.ActiveCfg = Debug|Any CPU
		{B6ED6D4E-49D3-6551-CF04-A315D26BB4DE}.Debug|Any CPU.Build.0 = Debug|Any CPU
		{B6ED6D4E-49D3-6551-CF04-A315D26BB4DE}.Release|Any CPU.ActiveCfg = Release|Any CPU
		{B6ED6D4E-49D3-6551-CF04-A315D26BB4DE}.Release|Any CPU.Build.0 = Release|Any CPU
	EndGlobalSection
	GlobalSection(SolutionProperties) = preSolution
		HideSolutionNode = FALSE
	EndGlobalSection
	GlobalSection(ExtensibilityGlobals) = postSolution
		SolutionGuid = {590277B5-7C30-4024-B014-69DD027E212C}
	EndGlobalSection
EndGlobal
