Microsoft Visual Studio Solution File, Format Version 12.00
# Visual Studio Version 17
VisualStudioVersion = 17.5.2.0
MinimumVisualStudioVersion = 10.0.40219.1
Project("{FAE04EC0-301F-11D3-BF4B-00C04F79EFBC}") = "exmapleFuntionMin", "exmapleFuntionMin.csproj", "{A1020444-874C-3B5B-462E-1C30FF436712}"
EndProject
Global
	GlobalSection(SolutionConfigurationPlatforms) = preSolution
		Debug|Any CPU = Debug|Any CPU
		Release|Any CPU = Release|Any CPU
	EndGlobalSection
	GlobalSection(ProjectConfigurationPlatforms) = postSolution
		{A1020444-874C-3B5B-462E-1C30FF436712}.Debug|Any CPU.ActiveCfg = Debug|Any CPU
		{A1020444-874C-3B5B-462E-1C30FF436712}.Debug|Any CPU.Build.0 = Debug|Any CPU
		{A1020444-874C-3B5B-462E-1C30FF436712}.Release|Any CPU.ActiveCfg = Release|Any CPU
		{A1020444-874C-3B5B-462E-1C30FF436712}.Release|Any CPU.Build.0 = Release|Any CPU
	EndGlobalSection
	GlobalSection(SolutionProperties) = preSolution
		HideSolutionNode = FALSE
	EndGlobalSection
	GlobalSection(ExtensibilityGlobals) = postSolution
		SolutionGuid = {171C16FE-5506-41CD-A7FB-098BB1B6B742}
	EndGlobalSection
EndGlobal
