Microsoft Visual Studio Solution File, Format Version 12.00
# Visual Studio Version 17
VisualStudioVersion = 17.5.2.0
MinimumVisualStudioVersion = 10.0.40219.1
Project("{FAE04EC0-301F-11D3-BF4B-00C04F79EFBC}") = "ExampleOpreator", "ExampleOpreator.csproj", "{353F6503-C5FD-9CD5-9D2C-DB815A7CCE5A}"
EndProject
Global
	GlobalSection(SolutionConfigurationPlatforms) = preSolution
		Debug|Any CPU = Debug|Any CPU
		Release|Any CPU = Release|Any CPU
	EndGlobalSection
	GlobalSection(ProjectConfigurationPlatforms) = postSolution
		{353F6503-C5FD-9CD5-9D2C-DB815A7CCE5A}.Debug|Any CPU.ActiveCfg = Debug|Any CPU
		{353F6503-C5FD-9CD5-9D2C-DB815A7CCE5A}.Debug|Any CPU.Build.0 = Debug|Any CPU
		{353F6503-C5FD-9CD5-9D2C-DB815A7CCE5A}.Release|Any CPU.ActiveCfg = Release|Any CPU
		{353F6503-C5FD-9CD5-9D2C-DB815A7CCE5A}.Release|Any CPU.Build.0 = Release|Any CPU
	EndGlobalSection
	GlobalSection(SolutionProperties) = preSolution
		HideSolutionNode = FALSE
	EndGlobalSection
	GlobalSection(ExtensibilityGlobals) = postSolution
		SolutionGuid = {13A41523-8A8D-42DA-80A6-02623D9DD8A8}
	EndGlobalSection
EndGlobal
